
Microsoft Visual Studio Solution File, Format Version 12.00
# Visual Studio Version 16
VisualStudioVersion = 16.0.34301.259
MinimumVisualStudioVersion = 10.0.40219.1
Project("{FAE04EC0-301F-11D3-BF4B-00C04F79EFBC}") = "MVC_KutuphaneSistemi", "MVC_KutuphaneSistemi\MVC_KutuphaneSistemi.csproj", "{45D07BA7-0B14-456E-8C43-E0602BB7F0C3}"
EndProject
Global
	GlobalSection(SolutionConfigurationPlatforms) = preSolution
		Debug|Any CPU = Debug|Any CPU
		Release|Any CPU = Release|Any CPU
	EndGlobalSection
	GlobalSection(ProjectConfigurationPlatforms) = postSolution
		{45D07BA7-0B14-456E-8C43-E0602BB7F0C3}.Debug|Any CPU.ActiveCfg = Debug|Any CPU
		{45D07BA7-0B14-456E-8C43-E0602BB7F0C3}.Debug|Any CPU.Build.0 = Debug|Any CPU
		{45D07BA7-0B14-456E-8C43-E0602BB7F0C3}.Release|Any CPU.ActiveCfg = Release|Any CPU
		{45D07BA7-0B14-456E-8C43-E0602BB7F0C3}.Release|Any CPU.Build.0 = Release|Any CPU
	EndGlobalSection
	GlobalSection(SolutionProperties) = preSolution
		HideSolutionNode = FALSE
	EndGlobalSection
	GlobalSection(ExtensibilityGlobals) = postSolution
		SolutionGuid = {701668BE-4D44-4991-B478-F5E10518B0E3}
	EndGlobalSection
EndGlobal
